
Microsoft Visual Studio Solution File, Format Version 12.00
# Visual Studio Version 17
VisualStudioVersion = 17.10.35122.118
MinimumVisualStudioVersion = 10.0.40219.1
Project("{FAE04EC0-301F-11D3-BF4B-00C04F79EFBC}") = "3x3", "3x3\3x3.csproj", "{CA688244-F2F6-440C-A5B5-9EA56C042F97}"
EndProject
Global
	GlobalSection(SolutionConfigurationPlatforms) = preSolution
		Debug|Any CPU = Debug|Any CPU
		Release|Any CPU = Release|Any CPU
	EndGlobalSection
	GlobalSection(ProjectConfigurationPlatforms) = postSolution
		{CA688244-F2F6-440C-A5B5-9EA56C042F97}.Debug|Any CPU.ActiveCfg = Debug|Any CPU
		{CA688244-F2F6-440C-A5B5-9EA56C042F97}.Debug|Any CPU.Build.0 = Debug|Any CPU
		{CA688244-F2F6-440C-A5B5-9EA56C042F97}.Release|Any CPU.ActiveCfg = Release|Any CPU
		{CA688244-F2F6-440C-A5B5-9EA56C042F97}.Release|Any CPU.Build.0 = Release|Any CPU
	EndGlobalSection
	GlobalSection(SolutionProperties) = preSolution
		HideSolutionNode = FALSE
	EndGlobalSection
	GlobalSection(ExtensibilityGlobals) = postSolution
		SolutionGuid = {AA9B17B1-8F06-4AC1-9BD7-4A204E55344D}
	EndGlobalSection
EndGlobal
